{
  "nodes": {
    "dank-material-shell": {
      "inputs": {
        "dank-qml-common": "dank-qml-common",
        "flake-compat": "flake-compat",
        "nixpkgs": [
          "nixpkgs-unstable"
        ]
      },
      "locked": {
        "lastModified": 1789657660,
        "narHash": "sha256-NPYX33iiXo6aBwh7umfJzeZQBedupOG7pk5z171ID3s=",
        "owner": "AvengeMedia",
        "repo": "DankMaterialShell",
        "rev": "2db7646fe3ab47fddfdb8723f2da07d61a0d47ac",
        "type": "github"
      },
      "original": {
        "owner": "AvengeMedia",
        "ref": "stable",
        "repo": "DankMaterialShell",
        "type": "github"
      }
    },
    "dank-qml-common": {
      "flake": false,
      "locked": {
        "lastModified": 1788376015,
        "narHash": "sha256-/tT8rTznLADndTwLBzdgzzgfJH1ZhYQibYo5v/F8U+U=",
        "owner": "AvengeMedia",
        "repo": "dank-qml-common",
        "rev": "26396ce432d6c71c3f5367438f96f4a8d667e160",
        "type": "github"
      },
      "original": {
        "owner": "AvengeMedia",
        "repo": "dank-qml-common",
        "type": "github"
      }
    },
    "flake-compat": {
      "flake": false,
      "locked": {
        "lastModified": 1767039857,
        "narHash": "sha256-vNpUSpF5Nuw8xvDLj2KCwwksIbjua2LZCqhV1LNRDns=",
        "owner": "NixOS",
        "repo": "flake-compat",
        "rev": "5edf11c44bc78a0d334f6334cdaf7d60d732daab",
        "type": "github"
      },
      "original": {
        "owner": "NixOS",
        "repo": "flake-compat",
        "type": "github"
      }
    },
    "flake-file": {
      "locked": {
        "lastModified": 1790485366,
        "narHash": "sha256-viHKtslN6kMa+bKxge26uvtDSv1FtlHul/5I6MphjnA=",
        "owner": "denful",
        "repo": "flake-file",
        "rev": "de3e0fcfe03b1af5d36b95952f216ea9ba087c8a",
        "type": "github"
      },
      "original": {
        "owner": "denful",
        "repo": "flake-file",
        "type": "github"
      }
    },
    "flake-parts": {
      "inputs": {
        "nixpkgs-lib": [
          "nixpkgs-unstable"
        ]
      },
      "locked": {
        "lastModified": 1788450739,
        "narHash": "sha256-glZLQlzIn1fXH6PazR2iUmTo7kzzyYSshrWhLS9TqCU=",
        "owner": "hercules-ci",
        "repo": "flake-parts",
        "rev": "31729ca8cbdb4fa927b34e5f4353e6a83f39e993",
        "type": "github"
      },
      "original": {
        "owner": "hercules-ci",
        "repo": "flake-parts",
        "type": "github"
      }
    },
    "helium-browser": {
      "inputs": {
        "nixpkgs": [
          "nixpkgs-unstable"
        ],
        "nixpkgs-darwin": "nixpkgs-darwin",
        "utils": "utils"
      },
      "locked": {
        "lastModified": 1790410773,
        "narHash": "sha256-PT3bAvBoht8N9MUj9zUuA1HgSbzlDI+KqDmXStMeiq0=",
        "owner": "schembriaiden",
        "repo": "helium-browser-nix-flake",
        "rev": "2f6586322d82beb2a50b01b129dea7dd7895d925",
        "type": "github"
      },
      "original": {
        "owner": "schembriaiden",
        "repo": "helium-browser-nix-flake",
        "type": "github"
      }
    },
    "herdr": {
      "inputs": {
        "nixpkgs": [
          "nixpkgs-unstable"
        ],
        "rust-overlay": "rust-overlay"
      },
      "locked": {
        "lastModified": 1790642832,
        "narHash": "sha256-dhAifTJeh8sfK0s/KzUZIo1qHlv+AFit3HOyCT+QC5E=",
        "owner": "ogulcancelik",
        "repo": "herdr",
        "rev": "9dc3a1df2b563df0637264fc0dffcd607c324ac5",
        "type": "github"
      },
      "original": {
        "owner": "ogulcancelik",
        "repo": "herdr",
        "type": "github"
      }
    },
    "home-manager": {
      "inputs": {
        "nixpkgs": [
          "nixpkgs-unstable"
        ]
      },
      "locked": {
        "lastModified": 1790365885,
        "narHash": "sha256-iQ0ebhiVo64NktTnwft9hNxlFu4j5cvljVxyJaEVIP4=",
        "owner": "nix-community",
        "repo": "home-manager",
        "rev": "7b4c5ec4bedaf1e062bbc1bcaeddbc6bd242aa1b",
        "type": "github"
      },
      "original": {
        "owner": "nix-community",
        "repo": "home-manager",
        "type": "github"
      }
    },
    "import-tree": {
      "locked": {
        "lastModified": 1788467110,
        "narHash": "sha256-ljEMTXP/rH0tOvDzc9gzwww6KcHRPRnEHzd9lK48V7s=",
        "owner": "denful",
        "repo": "import-tree",
        "rev": "eb1b52eaecc57f7c136d07ae8a93e724dfecac46",
        "type": "github"
      },
      "original": {
        "owner": "denful",
        "repo": "import-tree",
        "type": "github"
      }
    },
    "nixpkgs": {
      "locked": {
        "lastModified": 1790533781,
        "narHash": "sha256-F+b8u43BVF5DlM0pz7JQSbtbwKy5PrHIT5zQUekXsD0=",
        "owner": "NixOS",
        "repo": "nixpkgs",
        "rev": "cf5e76507c6e23b59f7e0ffcc7baa2a39ddd8442",
        "type": "github"
      },
      "original": {
        "owner": "NixOS",
        "ref": "nixos-26.05",
        "repo": "nixpkgs",
        "type": "github"
      }
    },
    "nixpkgs-darwin": {
      "locked": {
        "lastModified": 1790117938,
        "narHash": "sha256-KgxFEzwzcmyNe4mqlYtsZjzy40mLcNVKtaeoCf5tCGg=",
        "owner": "NixOS",
        "repo": "nixpkgs",
        "rev": "bd495b825e5c4365131f9b744cce923d42c06158",
        "type": "github"
      },
      "original": {
        "owner": "NixOS",
        "ref": "nixpkgs-26.05-darwin",
        "repo": "nixpkgs",
        "type": "github"
      }
    },
    "nixpkgs-unstable": {
      "locked": {
        "lastModified": 1790578696,
        "narHash": "sha256-ZoxIApko70jCdbH3l20HWXOBaT2HZd87orzd2yJ9dVE=",
        "owner": "NixOS",
        "repo": "nixpkgs",
        "rev": "7a0f122f5090cf4c2ade2a13a0e229d4e19ba71f",
        "type": "github"
      },
      "original": {
        "owner": "NixOS",
        "ref": "nixos-unstable",
        "repo": "nixpkgs",
        "type": "github"
      }
    },
    "nixpkgs_2": {
      "locked": {
        "lastModified": 1776683584,
        "narHash": "sha256-NuTLMrr10Tng72hurYG8jYQ4XKK8wnpJmOGcPiis96g=",
        "owner": "NixOS",
        "repo": "nixpkgs",
        "rev": "9dd5558b06dbdacbf635a3dd36dce1b1a7ee3a89",
        "type": "github"
      },
      "original": {
        "owner": "NixOS",
        "ref": "nixpkgs-unstable",
        "repo": "nixpkgs",
        "type": "github"
      }
    },
    "opencode": {
      "inputs": {
        "nixpkgs": "nixpkgs_2"
      },
      "locked": {
        "lastModified": 1790147748,
        "narHash": "sha256-oWJ2h4x4WWfTtMUMmOs62KnJ2n331zMrv9sQux8KpIk=",
        "owner": "anomalyco",
        "repo": "opencode",
        "rev": "6f3639d82ed0760091792189b78f8eeb44f699b1",
        "type": "github"
      },
      "original": {
        "owner": "anomalyco",
        "ref": "v2.0.15",
        "repo": "opencode",
        "type": "github"
      }
    },
    "root": {
      "inputs": {
        "dank-material-shell": "dank-material-shell",
        "flake-file": "flake-file",
        "flake-parts": "flake-parts",
        "helium-browser": "helium-browser",
        "herdr": "herdr",
        "home-manager": "home-manager",
        "import-tree": "import-tree",
        "nixpkgs": "nixpkgs",
        "nixpkgs-unstable": "nixpkgs-unstable",
        "opencode": "opencode",
        "smartbulb": "smartbulb",
        "zen-browser": "zen-browser"
      }
    },
    "rust-overlay": {
      "inputs": {
        "nixpkgs": [
          "herdr",
          "nixpkgs"
        ]
      },
      "locked": {
        "lastModified": 1783577481,
        "narHash": "sha256-EWMxOWrJ031f8f/lrcEmhTRs4npw1/5N3Hcjin846c8=",
        "owner": "oxalica",
        "repo": "rust-overlay",
        "rev": "4cdea398dc491b082dccdce0fad1ed0b75fa3394",
        "type": "github"
      },
      "original": {
        "owner": "oxalica",
        "repo": "rust-overlay",
        "type": "github"
      }
    },
    "smartbulb": {
      "inputs": {
        "nixpkgs": [
          "nixpkgs-unstable"
        ]
      },
      "locked": {
        "lastModified": 1778055776,
        "narHash": "sha256-kwlgL1xpI0mWxZhL1oGtvqPaBNP7A8pROO0JjY4pgV0=",
        "ref": "refs/heads/main",
        "rev": "23d737f8edcfcfc4dee021b4af1648a7ae874391",
        "revCount": 14,
        "type": "git",
        "url": "file:///home/alex/projects/smart-bulb"
      },
      "original": {
        "type": "git",
        "url": "file:///home/alex/projects/smart-bulb"
      }
    },
    "systems": {
      "locked": {
        "lastModified": 1681028828,
        "narHash": "sha256-Vy1rq5AaRuLzOxct8nz4T6wlgyUR7zLU309k9mBC768=",
        "owner": "nix-systems",
        "repo": "default",
        "rev": "da67096a3b9bf56a91d16901293e51ba5b49a27e",
        "type": "github"
      },
      "original": {
        "owner": "nix-systems",
        "repo": "default",
        "type": "github"
      }
    },
    "utils": {
      "inputs": {
        "systems": "systems"
      },
      "locked": {
        "lastModified": 1731533236,
        "narHash": "sha256-l0KFg5HjrsfsO/JpG+r7fRrqm12kzFHyUHqHCVpMMbI=",
        "owner": "numtide",
        "repo": "flake-utils",
        "rev": "11707dc2f618dd54ca8739b309ec4fc024de578b",
        "type": "github"
      },
      "original": {
        "owner": "numtide",
        "repo": "flake-utils",
        "type": "github"
      }
    },
    "zen-browser": {
      "inputs": {
        "home-manager": [
          "home-manager"
        ],
        "nixpkgs": [
          "nixpkgs-unstable"
        ]
      },
      "locked": {
        "lastModified": 1791367832,
        "narHash": "sha256-MSFMvb579iNOOx89nEAligQJaLB6Qv1QfAw31eC4JIU=",
        "owner": "0xc000022070",
        "repo": "zen-browser-flake",
        "rev": "a2caf7fe6fb6e4786591acb9cdf1306db1b011f7",
        "type": "github"
      },
      "original": {
        "owner": "0xc000022070",
        "repo": "zen-browser-flake",
        "type": "github"
      }
    }
  },
  "root": "root",
  "version": 7
}
