{
  "nodes": {
    "flake-file": {
      "locked": {
        "lastModified": 1785193256,
        "narHash": "sha256-KsEoDoDbXp1PJqp2s7U64rfxZ6J5TS9utLNM4r6tEzs=",
        "owner": "vic",
        "repo": "flake-file",
        "rev": "cddd6489b9ef8d20b50a57851763c1931390dc2b",
        "type": "github"
      },
      "original": {
        "owner": "vic",
        "repo": "flake-file",
        "type": "github"
      }
    },
    "flake-parts": {
      "inputs": {
        "nixpkgs-lib": [
          "nixpkgs-unstable"
        ]
      },
      "locked": {
        "lastModified": 1782949081,
        "narHash": "sha256-vp6Y/Grm98ESt6ceOkWiHWyZRDV3J1RID4w+6NWK9yA=",
        "owner": "hercules-ci",
        "repo": "flake-parts",
        "rev": "17c9d6cdfc60c64f4ee8d306f9bc0b4ccb51481e",
        "type": "github"
      },
      "original": {
        "owner": "hercules-ci",
        "repo": "flake-parts",
        "type": "github"
      }
    },
    "flake-parts_2": {
      "inputs": {
        "nixpkgs-lib": [
          "nurpkgs",
          "nixpkgs"
        ]
      },
      "locked": {
        "lastModified": 1733312601,
        "narHash": "sha256-4pDvzqnegAfRkPwO3wmwBhVi/Sye1mzps0zHWYnP88c=",
        "owner": "hercules-ci",
        "repo": "flake-parts",
        "rev": "205b12d8b7cd4802fbcb8e8ef6a0f1408781a4f9",
        "type": "github"
      },
      "original": {
        "owner": "hercules-ci",
        "repo": "flake-parts",
        "type": "github"
      }
    },
    "helium-browser": {
      "inputs": {
        "nixpkgs": [
          "nixpkgs-unstable"
        ],
        "nixpkgs-darwin": "nixpkgs-darwin",
        "utils": "utils"
      },
      "locked": {
        "lastModified": 1785004096,
        "narHash": "sha256-8stbyRwnEwPMmni/U6iHGGBbi3uebfq60qlKXPgYwWI=",
        "owner": "schembriaiden",
        "repo": "helium-browser-nix-flake",
        "rev": "b356d11eff33ec730a51f9c88d258fdd72efe587",
        "type": "github"
      },
      "original": {
        "owner": "schembriaiden",
        "repo": "helium-browser-nix-flake",
        "type": "github"
      }
    },
    "herdr": {
      "inputs": {
        "nixpkgs": [
          "nixpkgs-unstable"
        ],
        "rust-overlay": "rust-overlay"
      },
      "locked": {
        "lastModified": 1785242053,
        "narHash": "sha256-5W2iCZ2GfxrBk7wMIdScyceq5Ohm3/XqDcM9PT3xTEM=",
        "owner": "ogulcancelik",
        "repo": "herdr",
        "rev": "e16d7d8c07a20f5ee0b4111808680bbcfd7df9ac",
        "type": "github"
      },
      "original": {
        "owner": "ogulcancelik",
        "repo": "herdr",
        "type": "github"
      }
    },
    "home-manager": {
      "inputs": {
        "nixpkgs": [
          "nixpkgs-unstable"
        ]
      },
      "locked": {
        "lastModified": 1785239295,
        "narHash": "sha256-aYFoftXjm7Df7CAoR0XoMQjJ9rTZ/l9d1jr9EqD7sHM=",
        "owner": "nix-community",
        "repo": "home-manager",
        "rev": "42bb40f7aaab63a107b64a20c4a4ade6550758d0",
        "type": "github"
      },
      "original": {
        "owner": "nix-community",
        "repo": "home-manager",
        "type": "github"
      }
    },
    "import-tree": {
      "locked": {
        "lastModified": 1784254960,
        "narHash": "sha256-iI88R3wHz8wTKQb5orvpc51L/Xr64AJyxid/0MKa/b8=",
        "owner": "vic",
        "repo": "import-tree",
        "rev": "4ebb10ae17d5f1ad366e7aef5b92cb8eecf24f69",
        "type": "github"
      },
      "original": {
        "owner": "vic",
        "repo": "import-tree",
        "type": "github"
      }
    },
    "nixpkgs": {
      "locked": {
        "lastModified": 1785104993,
        "narHash": "sha256-eKbrvPoAOFutbYMdbB3r5EQVmFxKv24iKqHPPUXA0gM=",
        "owner": "NixOS",
        "repo": "nixpkgs",
        "rev": "8623c4c20aa4ca2f5fb81510d2944066c3fb0d96",
        "type": "github"
      },
      "original": {
        "owner": "NixOS",
        "ref": "nixos-26.05",
        "repo": "nixpkgs",
        "type": "github"
      }
    },
    "nixpkgs-darwin": {
      "locked": {
        "lastModified": 1784834831,
        "narHash": "sha256-yj0LPLnsmYoLmA3FGANjeTEwej0/DHjZBXWnDQDUuIs=",
        "owner": "NixOS",
        "repo": "nixpkgs",
        "rev": "51fe96f9107566e6b8eeb7fc4ba696c01e548b04",
        "type": "github"
      },
      "original": {
        "owner": "NixOS",
        "ref": "nixpkgs-26.05-darwin",
        "repo": "nixpkgs",
        "type": "github"
      }
    },
    "nixpkgs-unstable": {
      "locked": {
        "lastModified": 1785090369,
        "narHash": "sha256-m0pDuRJG7EDo9ri+4Ksu83VsI+PlxNC9lNBfydejce4=",
        "owner": "NixOS",
        "repo": "nixpkgs",
        "rev": "624af665418d3c65d544145b4d34ad696439570e",
        "type": "github"
      },
      "original": {
        "owner": "NixOS",
        "ref": "nixos-unstable",
        "repo": "nixpkgs",
        "type": "github"
      }
    },
    "nixpkgs_2": {
      "locked": {
        "lastModified": 1785090369,
        "narHash": "sha256-m0pDuRJG7EDo9ri+4Ksu83VsI+PlxNC9lNBfydejce4=",
        "owner": "nixos",
        "repo": "nixpkgs",
        "rev": "624af665418d3c65d544145b4d34ad696439570e",
        "type": "github"
      },
      "original": {
        "owner": "nixos",
        "ref": "nixos-unstable",
        "repo": "nixpkgs",
        "type": "github"
      }
    },
    "nurpkgs": {
      "inputs": {
        "flake-parts": "flake-parts_2",
        "nixpkgs": "nixpkgs_2"
      },
      "locked": {
        "lastModified": 1785247156,
        "narHash": "sha256-kQc8q4lCzN6KGyqp2nXLUFL6GScv2PhCB5IQC/2FaVk=",
        "owner": "nix-community",
        "repo": "NUR",
        "rev": "03f6c37bcb5f98ccdcb1071850cdab3dc9eeb2eb",
        "type": "github"
      },
      "original": {
        "owner": "nix-community",
        "repo": "NUR",
        "type": "github"
      }
    },
    "root": {
      "inputs": {
        "flake-file": "flake-file",
        "flake-parts": "flake-parts",
        "helium-browser": "helium-browser",
        "herdr": "herdr",
        "home-manager": "home-manager",
        "import-tree": "import-tree",
        "nixpkgs": "nixpkgs",
        "nixpkgs-unstable": "nixpkgs-unstable",
        "nurpkgs": "nurpkgs",
        "smartbulb": "smartbulb",
        "zen-browser": "zen-browser"
      }
    },
    "rust-overlay": {
      "inputs": {
        "nixpkgs": [
          "herdr",
          "nixpkgs"
        ]
      },
      "locked": {
        "lastModified": 1783577481,
        "narHash": "sha256-EWMxOWrJ031f8f/lrcEmhTRs4npw1/5N3Hcjin846c8=",
        "owner": "oxalica",
        "repo": "rust-overlay",
        "rev": "4cdea398dc491b082dccdce0fad1ed0b75fa3394",
        "type": "github"
      },
      "original": {
        "owner": "oxalica",
        "repo": "rust-overlay",
        "type": "github"
      }
    },
    "smartbulb": {
      "inputs": {
        "nixpkgs": [
          "nixpkgs-unstable"
        ]
      },
      "locked": {
        "lastModified": 1778055776,
        "narHash": "sha256-kwlgL1xpI0mWxZhL1oGtvqPaBNP7A8pROO0JjY4pgV0=",
        "ref": "refs/heads/main",
        "rev": "23d737f8edcfcfc4dee021b4af1648a7ae874391",
        "revCount": 14,
        "type": "git",
        "url": "file:///home/alex/projects/smart-bulb"
      },
      "original": {
        "type": "git",
        "url": "file:///home/alex/projects/smart-bulb"
      }
    },
    "systems": {
      "locked": {
        "lastModified": 1681028828,
        "narHash": "sha256-Vy1rq5AaRuLzOxct8nz4T6wlgyUR7zLU309k9mBC768=",
        "owner": "nix-systems",
        "repo": "default",
        "rev": "da67096a3b9bf56a91d16901293e51ba5b49a27e",
        "type": "github"
      },
      "original": {
        "owner": "nix-systems",
        "repo": "default",
        "type": "github"
      }
    },
    "utils": {
      "inputs": {
        "systems": "systems"
      },
      "locked": {
        "lastModified": 1731533236,
        "narHash": "sha256-l0KFg5HjrsfsO/JpG+r7fRrqm12kzFHyUHqHCVpMMbI=",
        "owner": "numtide",
        "repo": "flake-utils",
        "rev": "11707dc2f618dd54ca8739b309ec4fc024de578b",
        "type": "github"
      },
      "original": {
        "owner": "numtide",
        "repo": "flake-utils",
        "type": "github"
      }
    },
    "zen-browser": {
      "inputs": {
        "home-manager": [
          "home-manager"
        ],
        "nixpkgs": [
          "nixpkgs-unstable"
        ]
      },
      "locked": {
        "lastModified": 1785224333,
        "narHash": "sha256-8DNJUVM10ktK02V9ZIV064CH+fuPF272VCAZBn6arig=",
        "owner": "0xc000022070",
        "repo": "zen-browser-flake",
        "rev": "5f1a4be4d280e1ae06d61a75775a234b1714da3f",
        "type": "github"
      },
      "original": {
        "owner": "0xc000022070",
        "repo": "zen-browser-flake",
        "type": "github"
      }
    }
  },
  "root": "root",
  "version": 7
}
